// !$*UTF8*$!
{
	archiveVersion = 1;
	classes = {
	};
	objectVersion = 60;
	objects = {

/* Begin PBXBuildFile section */
		DA42DF902BC5CBEF00339354 /* AppDelegate.swift in Sources */ = {isa = PBXBuildFile; fileRef = DA42DF8F2BC5CBEF00339354 /* AppDelegate.swift */; };
		DA42DF922BC5CBEF00339354 /* SceneDelegate.swift in Sources */ = {isa = PBXBuildFile; fileRef = DA42DF912BC5CBEF00339354 /* SceneDelegate.swift */; };
		DA42DF942BC5CBEF00339354 /* ViewController.swift in Sources */ = {isa = PBXBuildFile; fileRef = DA42DF932BC5CBEF00339354 /* ViewController.swift */; };
		DA42DF972BC5CBEF00339354 /* Base in Resources */ = {isa = PBXBuildFile; fileRef = DA42DF962BC5CBEF00339354 /* Base */; };
		DA42DF992BC5CBF000339354 /* Assets.xcassets in Resources */ = {isa = PBXBuildFile; fileRef = DA42DF982BC5CBF000339354 /* Assets.xcassets */; };
		DA42DF9C2BC5CBF000339354 /* Base in Resources */ = {isa = PBXBuildFile; fileRef = DA42DF9B2BC5CBF000339354 /* Base */; };
		DA42DFA82BC5E53900339354 /* Zealot in Frameworks */ = {isa = PBXBuildFile; productRef = DA42DFA72BC5E53900339354 /* Zealot */; };
/* End PBXBuildFile section */

/* Begin PBXFileReference section */
		DA42DF8C2BC5CBEF00339354 /* ExampleUIKit.app */ = {isa = PBXFileReference; explicitFileType = wrapper.application; includeInIndex = 0; path = ExampleUIKit.app; sourceTree = BUILT_PRODUCTS_DIR; };
		DA42DF8F2BC5CBEF00339354 /* AppDelegate.swift */ = {isa = PBXFileReference; lastKnownFileType = sourcecode.swift; path = AppDelegate.swift; sourceTree = "<group>"; };
		DA42DF912BC5CBEF00339354 /* SceneDelegate.swift */ = {isa = PBXFileReference; lastKnownFileType = sourcecode.swift; path = SceneDelegate.swift; sourceTree = "<group>"; };
		DA42DF932BC5CBEF00339354 /* ViewController.swift */ = {isa = PBXFileReference; lastKnownFileType = sourcecode.swift; path = ViewController.swift; sourceTree = "<group>"; };
		DA42DF962BC5CBEF00339354 /* Base */ = {isa = PBXFileReference; lastKnownFileType = file.storyboard; name = Base; path = Base.lproj/Main.storyboard; sourceTree = "<group>"; };
		DA42DF982BC5CBF000339354 /* Assets.xcassets */ = {isa = PBXFileReference; lastKnownFileType = folder.assetcatalog; path = Assets.xcassets; sourceTree = "<group>"; };
		DA42DF9B2BC5CBF000339354 /* Base */ = {isa = PBXFileReference; lastKnownFileType = file.storyboard; name = Base; path = Base.lproj/LaunchScreen.storyboard; sourceTree = "<group>"; };
		DA42DF9D2BC5CBF000339354 /* Info.plist */ = {isa = PBXFileReference; lastKnownFileType = text.plist.xml; path = Info.plist; sourceTree = "<group>"; };
/* End PBXFileReference section */

/* Begin PBXFrameworksBuildPhase section */
		DA42DF892BC5CBEF00339354 /* Frameworks */ = {
			isa = PBXFrameworksBuildPhase;
			buildActionMask = 2147483647;
			files = (
				DA42DFA82BC5E53900339354 /* Zealot in Frameworks */,
			);
			runOnlyForDeploymentPostprocessing = 0;
		};
/* End PBXFrameworksBuildPhase section */

/* Begin PBXGroup section */
		DA42DF832BC5CBEF00339354 = {
			isa = PBXGroup;
			children = (
				DA42DF8E2BC5CBEF00339354 /* ExampleUIKit */,
				DA42DF8D2BC5CBEF00339354 /* Products */,
				DA42DFA62BC5E53900339354 /* Frameworks */,
			);
			sourceTree = "<group>";
		};
		DA42DF8D2BC5CBEF00339354 /* Products */ = {
			isa = PBXGroup;
			children = (
				DA42DF8C2BC5CBEF00339354 /* ExampleUIKit.app */,
			);
			name = Products;
			sourceTree = "<group>";
		};
		DA42DF8E2BC5CBEF00339354 /* ExampleUIKit */ = {
			isa = PBXGroup;
			children = (
				DA42DF8F2BC5CBEF00339354 /* AppDelegate.swift */,
				DA42DF912BC5CBEF00339354 /* SceneDelegate.swift */,
				DA42DF932BC5CBEF00339354 /* ViewController.swift */,
				DA42DF952BC5CBEF00339354 /* Main.storyboard */,
				DA42DF982BC5CBF000339354 /* Assets.xcassets */,
				DA42DF9A2BC5CBF000339354 /* LaunchScreen.storyboard */,
				DA42DF9D2BC5CBF000339354 /* Info.plist */,
			);
			path = ExampleUIKit;
			sourceTree = "<group>";
		};
		DA42DFA62BC5E53900339354 /* Frameworks */ = {
			isa = PBXGroup;
			children = (
			);
			name = Frameworks;
			sourceTree = "<group>";
		};
/* End PBXGroup section */

/* Begin PBXNativeTarget section */
		DA42DF8B2BC5CBEF00339354 /* ExampleUIKit */ = {
			isa = PBXNativeTarget;
			buildConfigurationList = DA42DFA02BC5CBF000339354 /* Build configuration list for PBXNativeTarget "ExampleUIKit" */;
			buildPhases = (
				DA42DF882BC5CBEF00339354 /* Sources */,
				DA42DF892BC5CBEF00339354 /* Frameworks */,
				DA42DF8A2BC5CBEF00339354 /* Resources */,
			);
			buildRules = (
			);
			dependencies = (
			);
			name = ExampleUIKit;
			packageProductDependencies = (
				DA42DFA72BC5E53900339354 /* Zealot */,
			);
			productName = ExampleUIKit;
			productReference = DA42DF8C2BC5CBEF00339354 /* ExampleUIKit.app */;
			productType = "com.apple.product-type.application";
		};
/* End PBXNativeTarget section */

/* Begin PBXProject section */
		DA42DF842BC5CBEF00339354 /* Project object */ = {
			isa = PBXProject;
			attributes = {
				BuildIndependentTargetsInParallel = 1;
				LastSwiftUpdateCheck = 1530;
				LastUpgradeCheck = 1530;
				TargetAttributes = {
					DA42DF8B2BC5CBEF00339354 = {
						CreatedOnToolsVersion = 15.3;
					};
				};
			};
			buildConfigurationList = DA42DF872BC5CBEF00339354 /* Build configuration list for PBXProject "ExampleUIKit" */;
			compatibilityVersion = "Xcode 14.0";
			developmentRegion = en;
			hasScannedForEncodings = 0;
			knownRegions = (
				en,
				Base,
			);
			mainGroup = DA42DF832BC5CBEF00339354;
			packageReferences = (
				DA42DFA32BC5CD3E00339354 /* XCLocalSwiftPackageReference "../../ZealotLibrary" */,
			);
			productRefGroup = DA42DF8D2BC5CBEF00339354 /* Products */;
			projectDirPath = "";
			projectRoot = "";
			targets = (
				DA42DF8B2BC5CBEF00339354 /* ExampleUIKit */,
			);
		};
/* End PBXProject section */

/* Begin PBXResourcesBuildPhase section */
		DA42DF8A2BC5CBEF00339354 /* Resources */ = {
			isa = PBXResourcesBuildPhase;
			buildActionMask = 2147483647;
			files = (
				DA42DF992BC5CBF000339354 /* Assets.xcassets in Resources */,
				DA42DF9C2BC5CBF000339354 /* Base in Resources */,
				DA42DF972BC5CBEF00339354 /* Base in Resources */,
			);
			runOnlyForDeploymentPostprocessing = 0;
		};
/* End PBXResourcesBuildPhase section */

/* Begin PBXSourcesBuildPhase section */
		DA42DF882BC5CBEF00339354 /* Sources */ = {
			isa = PBXSourcesBuildPhase;
			buildActionMask = 2147483647;
			files = (
				DA42DF942BC5CBEF00339354 /* ViewController.swift in Sources */,
				DA42DF902BC5CBEF00339354 /* AppDelegate.swift in Sources */,
				DA42DF922BC5CBEF00339354 /* SceneDelegate.swift in Sources */,
			);
			runOnlyForDeploymentPostprocessing = 0;
		};
/* End PBXSourcesBuildPhase section */

/* Begin PBXVariantGroup section */
		DA42DF952BC5CBEF00339354 /* Main.storyboard */ = {
			isa = PBXVariantGroup;
			children = (
				DA42DF962BC5CBEF00339354 /* Base */,
			);
			name = Main.storyboard;
			sourceTree = "<group>";
		};
		DA42DF9A2BC5CBF000339354 /* LaunchScreen.storyboard */ = {
			isa = PBXVariantGroup;
			children = (
				DA42DF9B2BC5CBF000339354 /* Base */,
			);
			name = LaunchScreen.storyboard;
			sourceTree = "<group>";
		};
/* End PBXVariantGroup section */

/* Begin XCBuildConfiguration section */
		DA42DF9E2BC5CBF000339354 /* Debug */ = {
			isa = XCBuildConfiguration;
			buildSettings = {
				ALWAYS_SEARCH_USER_PATHS = NO;
				ASSETCATALOG_COMPILER_GENERATE_SWIFT_ASSET_SYMBOL_EXTENSIONS = YES;
				CLANG_ANALYZER_NONNULL = YES;
				CLANG_ANALYZER_NUMBER_OBJECT_CONVERSION = YES_AGGRESSIVE;
				CLANG_CXX_LANGUAGE_STANDARD = "gnu++20";
				CLANG_ENABLE_MODULES = YES;
				CLANG_ENABLE_OBJC_ARC = YES;
				CLANG_ENABLE_OBJC_WEAK = YES;
				CLANG_WARN_BLOCK_CAPTURE_AUTORELEASING = YES;
				CLANG_WARN_BOOL_CONVERSION = YES;
				CLANG_WARN_COMMA = YES;
				CLANG_WARN_CONSTANT_CONVERSION = YES;
				CLANG_WARN_DEPRECATED_OBJC_IMPLEMENTATIONS = YES;
				CLANG_WARN_DIRECT_OBJC_ISA_USAGE = YES_ERROR;
				CLANG_WARN_DOCUMENTATION_COMMENTS = YES;
				CLANG_WARN_EMPTY_BODY = YES;
				CLANG_WARN_ENUM_CONVERSION = YES;
				CLANG_WARN_INFINITE_RECURSION = YES;
				CLANG_WARN_INT_CONVERSION = YES;
				CLANG_WARN_NON_LITERAL_NULL_CONVERSION = YES;
				CLANG_WARN_OBJC_IMPLICIT_RETAIN_SELF = YES;
				CLANG_WARN_OBJC_LITERAL_CONVERSION = YES;
				CLANG_WARN_OBJC_ROOT_CLASS = YES_ERROR;
				CLANG_WARN_QUOTED_INCLUDE_IN_FRAMEWORK_HEADER = YES;
				CLANG_WARN_RANGE_LOOP_ANALYSIS = YES;
				CLANG_WARN_STRICT_PROTOTYPES = YES;
				CLANG_WARN_SUSPICIOUS_MOVE = YES;
				CLANG_WARN_UNGUARDED_AVAILABILITY = YES_AGGRESSIVE;
				CLANG_WARN_UNREACHABLE_CODE = YES;
				CLANG_WARN__DUPLICATE_METHOD_MATCH = YES;
				COPY_PHASE_STRIP = NO;
				DEBUG_INFORMATION_FORMAT = dwarf;
				ENABLE_STRICT_OBJC_MSGSEND = YES;
				ENABLE_TESTABILITY = YES;
				ENABLE_USER_SCRIPT_SANDBOXING = YES;
				GCC_C_LANGUAGE_STANDARD = gnu17;
				GCC_DYNAMIC_NO_PIC = NO;
				GCC_NO_COMMON_BLOCKS = YES;
				GCC_OPTIMIZATION_LEVEL = 0;
				GCC_PREPROCESSOR_DEFINITIONS = (
					"DEBUG=1",
					"$(inherited)",
				);
				GCC_WARN_64_TO_32_BIT_CONVERSION = YES;
				GCC_WARN_ABOUT_RETURN_TYPE = YES_ERROR;
				GCC_WARN_UNDECLARED_SELECTOR = YES;
				GCC_WARN_UNINITIALIZED_AUTOS = YES_AGGRESSIVE;
				GCC_WARN_UNUSED_FUNCTION = YES;
				GCC_WARN_UNUSED_VARIABLE = YES;
				IPHONEOS_DEPLOYMENT_TARGET = 17.4;
				LOCALIZATION_PREFERS_STRING_CATALOGS = YES;
				MTL_ENABLE_DEBUG_INFO = INCLUDE_SOURCE;
				MTL_FAST_MATH = YES;
				ONLY_ACTIVE_ARCH = YES;
				SDKROOT = iphoneos;
				SWIFT_ACTIVE_COMPILATION_CONDITIONS = "DEBUG $(inherited)";
				SWIFT_OPTIMIZATION_LEVEL = "-Onone";
			};
			name = Debug;
		};
		DA42DF9F2BC5CBF000339354 /* Release */ = {
			isa = XCBuildConfiguration;
			buildSettings = {
				ALWAYS_SEARCH_USER_PATHS = NO;
				ASSETCATALOG_COMPILER_GENERATE_SWIFT_ASSET_SYMBOL_EXTENSIONS = YES;
				CLANG_ANALYZER_NONNULL = YES;
				CLANG_ANALYZER_NUMBER_OBJECT_CONVERSION = YES_AGGRESSIVE;
				CLANG_CXX_LANGUAGE_STANDARD = "gnu++20";
				CLANG_ENABLE_MODULES = YES;
				CLANG_ENABLE_OBJC_ARC = YES;
				CLANG_ENABLE_OBJC_WEAK = YES;
				CLANG_WARN_BLOCK_CAPTURE_AUTORELEASING = YES;
				CLANG_WARN_BOOL_CONVERSION = YES;
				CLANG_WARN_COMMA = YES;
				CLANG_WARN_CONSTANT_CONVERSION = YES;
				CLANG_WARN_DEPRECATED_OBJC_IMPLEMENTATIONS = YES;
				CLANG_WARN_DIRECT_OBJC_ISA_USAGE = YES_ERROR;
				CLANG_WARN_DOCUMENTATION_COMMENTS = YES;
				CLANG_WARN_EMPTY_BODY = YES;
				CLANG_WARN_ENUM_CONVERSION = YES;
				CLANG_WARN_INFINITE_RECURSION = YES;
				CLANG_WARN_INT_CONVERSION = YES;
				CLANG_WARN_NON_LITERAL_NULL_CONVERSION = YES;
				CLANG_WARN_OBJC_IMPLICIT_RETAIN_SELF = YES;
				CLANG_WARN_OBJC_LITERAL_CONVERSION = YES;
				CLANG_WARN_OBJC_ROOT_CLASS = YES_ERROR;
				CLANG_WARN_QUOTED_INCLUDE_IN_FRAMEWORK_HEADER = YES;
				CLANG_WARN_RANGE_LOOP_ANALYSIS = YES;
				CLANG_WARN_STRICT_PROTOTYPES = YES;
				CLANG_WARN_SUSPICIOUS_MOVE = YES;
				CLANG_WARN_UNGUARDED_AVAILABILITY = YES_AGGRESSIVE;
				CLANG_WARN_UNREACHABLE_CODE = YES;
				CLANG_WARN__DUPLICATE_METHOD_MATCH = YES;
				COPY_PHASE_STRIP = NO;
				DEBUG_INFORMATION_FORMAT = "dwarf-with-dsym";
				ENABLE_NS_ASSERTIONS = NO;
				ENABLE_STRICT_OBJC_MSGSEND = YES;
				ENABLE_USER_SCRIPT_SANDBOXING = YES;
				GCC_C_LANGUAGE_STANDARD = gnu17;
				GCC_NO_COMMON_BLOCKS = YES;
				GCC_WARN_64_TO_32_BIT_CONVERSION = YES;
				GCC_WARN_ABOUT_RETURN_TYPE = YES_ERROR;
				GCC_WARN_UNDECLARED_SELECTOR = YES;
				GCC_WARN_UNINITIALIZED_AUTOS = YES_AGGRESSIVE;
				GCC_WARN_UNUSED_FUNCTION = YES;
				GCC_WARN_UNUSED_VARIABLE = YES;
				IPHONEOS_DEPLOYMENT_TARGET = 17.4;
				LOCALIZATION_PREFERS_STRING_CATALOGS = YES;
				MTL_ENABLE_DEBUG_INFO = NO;
				MTL_FAST_MATH = YES;
				SDKROOT = iphoneos;
				SWIFT_COMPILATION_MODE = wholemodule;
				VALIDATE_PRODUCT = YES;
			};
			name = Release;
		};
		DA42DFA12BC5CBF000339354 /* Debug */ = {
			isa = XCBuildConfiguration;
			buildSettings = {
				ASSETCATALOG_COMPILER_APPICON_NAME = AppIcon;
				ASSETCATALOG_COMPILER_GLOBAL_ACCENT_COLOR_NAME = AccentColor;
				CODE_SIGN_STYLE = Manual;
				CURRENT_PROJECT_VERSION = 1;
				DEVELOPMENT_TEAM = "";
				GENERATE_INFOPLIST_FILE = YES;
				INFOPLIST_FILE = ExampleUIKit/Info.plist;
				INFOPLIST_KEY_UIApplicationSupportsIndirectInputEvents = YES;
				INFOPLIST_KEY_UILaunchStoryboardName = LaunchScreen;
				INFOPLIST_KEY_UIMainStoryboardFile = Main;
				INFOPLIST_KEY_UISupportedInterfaceOrientations_iPad = "UIInterfaceOrientationPortrait UIInterfaceOrientationPortraitUpsideDown UIInterfaceOrientationLandscapeLeft UIInterfaceOrientationLandscapeRight";
				INFOPLIST_KEY_UISupportedInterfaceOrientations_iPhone = "UIInterfaceOrientationPortrait UIInterfaceOrientationLandscapeLeft UIInterfaceOrientationLandscapeRight";
				LD_RUNPATH_SEARCH_PATHS = (
					"$(inherited)",
					"@executable_path/Frameworks",
				);
				MARKETING_VERSION = 1.0;
				PRODUCT_BUNDLE_IDENTIFIER = com.example.app;
				PRODUCT_NAME = "$(TARGET_NAME)";
				PROVISIONING_PROFILE_SPECIFIER = "";
				SWIFT_EMIT_LOC_STRINGS = YES;
				SWIFT_VERSION = 5.0;
				TARGETED_DEVICE_FAMILY = "1,2";
			};
			name = Debug;
		};
		DA42DFA22BC5CBF000339354 /* Release */ = {
			isa = XCBuildConfiguration;
			buildSettings = {
				ASSETCATALOG_COMPILER_APPICON_NAME = AppIcon;
				ASSETCATALOG_COMPILER_GLOBAL_ACCENT_COLOR_NAME = AccentColor;
				CODE_SIGN_STYLE = Manual;
				CURRENT_PROJECT_VERSION = 1;
				DEVELOPMENT_TEAM = "";
				GENERATE_INFOPLIST_FILE = YES;
				INFOPLIST_FILE = ExampleUIKit/Info.plist;
				INFOPLIST_KEY_UIApplicationSupportsIndirectInputEvents = YES;
				INFOPLIST_KEY_UILaunchStoryboardName = LaunchScreen;
				INFOPLIST_KEY_UIMainStoryboardFile = Main;
				INFOPLIST_KEY_UISupportedInterfaceOrientations_iPad = "UIInterfaceOrientationPortrait UIInterfaceOrientationPortraitUpsideDown UIInterfaceOrientationLandscapeLeft UIInterfaceOrientationLandscapeRight";
				INFOPLIST_KEY_UISupportedInterfaceOrientations_iPhone = "UIInterfaceOrientationPortrait UIInterfaceOrientationLandscapeLeft UIInterfaceOrientationLandscapeRight";
				LD_RUNPATH_SEARCH_PATHS = (
					"$(inherited)",
					"@executable_path/Frameworks",
				);
				MARKETING_VERSION = 1.0;
				PRODUCT_BUNDLE_IDENTIFIER = com.example.app;
				PRODUCT_NAME = "$(TARGET_NAME)";
				PROVISIONING_PROFILE_SPECIFIER = "";
				SWIFT_EMIT_LOC_STRINGS = YES;
				SWIFT_VERSION = 5.0;
				TARGETED_DEVICE_FAMILY = "1,2";
			};
			name = Release;
		};
/* End XCBuildConfiguration section */

/* Begin XCConfigurationList section */
		DA42DF872BC5CBEF00339354 /* Build configuration list for PBXProject "ExampleUIKit" */ = {
			isa = XCConfigurationList;
			buildConfigurations = (
				DA42DF9E2BC5CBF000339354 /* Debug */,
				DA42DF9F2BC5CBF000339354 /* Release */,
			);
			defaultConfigurationIsVisible = 0;
			defaultConfigurationName = Release;
		};
		DA42DFA02BC5CBF000339354 /* Build configuration list for PBXNativeTarget "ExampleUIKit" */ = {
			isa = XCConfigurationList;
			buildConfigurations = (
				DA42DFA12BC5CBF000339354 /* Debug */,
				DA42DFA22BC5CBF000339354 /* Release */,
			);
			defaultConfigurationIsVisible = 0;
			defaultConfigurationName = Release;
		};
/* End XCConfigurationList section */

/* Begin XCLocalSwiftPackageReference section */
		DA42DFA32BC5CD3E00339354 /* XCLocalSwiftPackageReference "../../ZealotLibrary" */ = {
			isa = XCLocalSwiftPackageReference;
			relativePath = ../../ZealotLibrary;
		};
/* End XCLocalSwiftPackageReference section */

/* Begin XCSwiftPackageProductDependency section */
		DA42DFA72BC5E53900339354 /* Zealot */ = {
			isa = XCSwiftPackageProductDependency;
			package = DA42DFA32BC5CD3E00339354 /* XCLocalSwiftPackageReference "../../ZealotLibrary" */;
			productName = Zealot;
		};
/* End XCSwiftPackageProductDependency section */
	};
	rootObject = DA42DF842BC5CBEF00339354 /* Project object */;
}
